{
  "originHash" : "fd3b57b0fb12a000a6d774ef629f5564664e60800b2d9c1057c5eee5733cb8b9",
  "pins" : [
    {
      "identity" : "spine-runtimes",
      "kind" : "remoteSourceControl",
      "location" : "https://github.com/EsotericSoftware/spine-runtimes.git",
      "state" : {
        "branch" : "4.2",
        "revision" : "67d38adebfc6b8b9fb0e65cfe4b200d56fbc5ac8"
      }
    }
  ],
  "version" : 3
}
