{
  "originHash" : "c11e4c6bb9f538f826be6245fad879e9151dab55f0469b52a5be5ae41f770e0f",
  "pins" : [
    {
      "identity" : "spine-runtimes",
      "kind" : "remoteSourceControl",
      "location" : "https://github.com/EsotericSoftware/spine-runtimes.git",
      "state" : {
        "branch" : "4.3",
        "revision" : "08c8ceebc674a447388bebb2ac26d21e000ac173"
      }
    }
  ],
  "version" : 3
}
