{
  "originHash" : "7f14bc9b29b1171a13d672e47f0d5e61320e74c68014e0287a4fbacb21d56786",
  "pins" : [
    {
      "identity" : "spine-runtimes",
      "kind" : "remoteSourceControl",
      "location" : "https://github.com/EsotericSoftware/spine-runtimes.git",
      "state" : {
        "branch" : "4.3-beta",
        "revision" : "cf0dba0120b814b2c45f361b3c16793a3a20c2b9"
      }
    }
  ],
  "version" : 3
}
